// !$*UTF8*$!
{
	archiveVersion = 1;
	classes = {
	};
	objectVersion = 46;
	objects = {

/* Begin PBXBuildFile section */
		36CF286419FF321E00DE39D7 /* AppDelegate.swift in Sources */ = {isa = PBXBuildFile; fileRef = 36CF286319FF321E00DE39D7 /* AppDelegate.swift */; };
		36CF286619FF321E00DE39D7 /* ViewController.swift in Sources */ = {isa = PBXBuildFile; fileRef = 36CF286519FF321E00DE39D7 /* ViewController.swift */; };
		36CF286919FF321E00DE39D7 /* Main.storyboard in Resources */ = {isa = PBXBuildFile; fileRef = 36CF286719FF321E00DE39D7 /* Main.storyboard */; };
		36CF286B19FF321E00DE39D7 /* Images.xcassets in Resources */ = {isa = PBXBuildFile; fileRef = 36CF286A19FF321E00DE39D7 /* Images.xcassets */; };
		36CF286E19FF321E00DE39D7 /* LaunchScreen.xib in Resources */ = {isa = PBXBuildFile; fileRef = 36CF286C19FF321E00DE39D7 /* LaunchScreen.xib */; };
		36CF287A19FF321E00DE39D7 /* UI_Kit_DemoTests.swift in Sources */ = {isa = PBXBuildFile; fileRef = 36CF287919FF321E00DE39D7 /* UI_Kit_DemoTests.swift */; };
/* End PBXBuildFile section */

/* Begin PBXContainerItemProxy section */
		36CF287419FF321E00DE39D7 /* PBXContainerItemProxy */ = {
			isa = PBXContainerItemProxy;
			containerPortal = 36CF285619FF321E00DE39D7 /* Project object */;
			proxyType = 1;
			remoteGlobalIDString = 36CF285D19FF321E00DE39D7;
			remoteInfo = "UI Kit Demo";
		};
/* End PBXContainerItemProxy section */

/* Begin PBXFileReference section */
		36CF285E19FF321E00DE39D7 /* UI Kit Demo.app */ = {isa = PBXFileReference; explicitFileType = wrapper.application; includeInIndex = 0; path = "UI Kit Demo.app"; sourceTree = BUILT_PRODUCTS_DIR; };
		36CF286219FF321E00DE39D7 /* Info.plist */ = {isa = PBXFileReference; lastKnownFileType = text.plist.xml; path = Info.plist; sourceTree = "<group>"; };
		36CF286319FF321E00DE39D7 /* AppDelegate.swift */ = {isa = PBXFileReference; lastKnownFileType = sourcecode.swift; path = AppDelegate.swift; sourceTree = "<group>"; };
		36CF286519FF321E00DE39D7 /* ViewController.swift */ = {isa = PBXFileReference; lastKnownFileType = sourcecode.swift; path = ViewController.swift; sourceTree = "<group>"; };
		36CF286819FF321E00DE39D7 /* Base */ = {isa = PBXFileReference; lastKnownFileType = file.storyboard; name = Base; path = Base.lproj/Main.storyboard; sourceTree = "<group>"; };
		36CF286A19FF321E00DE39D7 /* Images.xcassets */ = {isa = PBXFileReference; lastKnownFileType = folder.assetcatalog; path = Images.xcassets; sourceTree = "<group>"; };
		36CF286D19FF321E00DE39D7 /* Base */ = {isa = PBXFileReference; lastKnownFileType = file.xib; name = Base; path = Base.lproj/LaunchScreen.xib; sourceTree = "<group>"; };
		36CF287319FF321E00DE39D7 /* UI Kit DemoTests.xctest */ = {isa = PBXFileReference; explicitFileType = wrapper.cfbundle; includeInIndex = 0; path = "UI Kit DemoTests.xctest"; sourceTree = BUILT_PRODUCTS_DIR; };
		36CF287819FF321E00DE39D7 /* Info.plist */ = {isa = PBXFileReference; lastKnownFileType = text.plist.xml; path = Info.plist; sourceTree = "<group>"; };
		36CF287919FF321E00DE39D7 /* UI_Kit_DemoTests.swift */ = {isa = PBXFileReference; lastKnownFileType = sourcecode.swift; path = UI_Kit_DemoTests.swift; sourceTree = "<group>"; };
/* End PBXFileReference section */

/* Begin PBXFrameworksBuildPhase section */
		36CF285B19FF321E00DE39D7 /* Frameworks */ = {
			isa = PBXFrameworksBuildPhase;
			buildActionMask = 2147483647;
			files = (
			);
			runOnlyForDeploymentPostprocessing = 0;
		};
		36CF287019FF321E00DE39D7 /* Frameworks */ = {
			isa = PBXFrameworksBuildPhase;
			buildActionMask = 2147483647;
			files = (
			);
			runOnlyForDeploymentPostprocessing = 0;
		};
/* End PBXFrameworksBuildPhase section */

/* Begin PBXGroup section */
		36CF285519FF321E00DE39D7 = {
			isa = PBXGroup;
			children = (
				36CF286019FF321E00DE39D7 /* UI Kit Demo */,
				36CF287619FF321E00DE39D7 /* UI Kit DemoTests */,
				36CF285F19FF321E00DE39D7 /* Products */,
			);
			sourceTree = "<group>";
		};
		36CF285F19FF321E00DE39D7 /* Products */ = {
			isa = PBXGroup;
			children = (
				36CF285E19FF321E00DE39D7 /* UI Kit Demo.app */,
				36CF287319FF321E00DE39D7 /* UI Kit DemoTests.xctest */,
			);
			name = Products;
			sourceTree = "<group>";
		};
		36CF286019FF321E00DE39D7 /* UI Kit Demo */ = {
			isa = PBXGroup;
			children = (
				36CF286319FF321E00DE39D7 /* AppDelegate.swift */,
				36CF286519FF321E00DE39D7 /* ViewController.swift */,
				36CF286719FF321E00DE39D7 /* Main.storyboard */,
				36CF286A19FF321E00DE39D7 /* Images.xcassets */,
				36CF286C19FF321E00DE39D7 /* LaunchScreen.xib */,
				36CF286119FF321E00DE39D7 /* Supporting Files */,
			);
			path = "UI Kit Demo";
			sourceTree = "<group>";
		};
		36CF286119FF321E00DE39D7 /* Supporting Files */ = {
			isa = PBXGroup;
			children = (
				36CF286219FF321E00DE39D7 /* Info.plist */,
			);
			name = "Supporting Files";
			sourceTree = "<group>";
		};
		36CF287619FF321E00DE39D7 /* UI Kit DemoTests */ = {
			isa = PBXGroup;
			children = (
				36CF287919FF321E00DE39D7 /* UI_Kit_DemoTests.swift */,
				36CF287719FF321E00DE39D7 /* Supporting Files */,
			);
			path = "UI Kit DemoTests";
			sourceTree = "<group>";
		};
		36CF287719FF321E00DE39D7 /* Supporting Files */ = {
			isa = PBXGroup;
			children = (
				36CF287819FF321E00DE39D7 /* Info.plist */,
			);
			name = "Supporting Files";
			sourceTree = "<group>";
		};
/* End PBXGroup section */

/* Begin PBXNativeTarget section */
		36CF285D19FF321E00DE39D7 /* UI Kit Demo */ = {
			isa = PBXNativeTarget;
			buildConfigurationList = 36CF287D19FF321E00DE39D7 /* Build configuration list for PBXNativeTarget "UI Kit Demo" */;
			buildPhases = (
				36CF285A19FF321E00DE39D7 /* Sources */,
				36CF285B19FF321E00DE39D7 /* Frameworks */,
				36CF285C19FF321E00DE39D7 /* Resources */,
			);
			buildRules = (
			);
			dependencies = (
			);
			name = "UI Kit Demo";
			productName = "UI Kit Demo";
			productReference = 36CF285E19FF321E00DE39D7 /* UI Kit Demo.app */;
			productType = "com.apple.product-type.application";
		};
		36CF287219FF321E00DE39D7 /* UI Kit DemoTests */ = {
			isa = PBXNativeTarget;
			buildConfigurationList = 36CF288019FF321E00DE39D7 /* Build configuration list for PBXNativeTarget "UI Kit DemoTests" */;
			buildPhases = (
				36CF286F19FF321E00DE39D7 /* Sources */,
				36CF287019FF321E00DE39D7 /* Frameworks */,
				36CF287119FF321E00DE39D7 /* Resources */,
			);
			buildRules = (
			);
			dependencies = (
				36CF287519FF321E00DE39D7 /* PBXTargetDependency */,
			);
			name = "UI Kit DemoTests";
			productName = "UI Kit DemoTests";
			productReference = 36CF287319FF321E00DE39D7 /* UI Kit DemoTests.xctest */;
			productType = "com.apple.product-type.bundle.unit-test";
		};
/* End PBXNativeTarget section */

/* Begin PBXProject section */
		36CF285619FF321E00DE39D7 /* Project object */ = {
			isa = PBXProject;
			attributes = {
				LastUpgradeCheck = 0610;
				ORGANIZATIONNAME = "Ryan Sims";
				TargetAttributes = {
					36CF285D19FF321E00DE39D7 = {
						CreatedOnToolsVersion = 6.1;
					};
					36CF287219FF321E00DE39D7 = {
						CreatedOnToolsVersion = 6.1;
						TestTargetID = 36CF285D19FF321E00DE39D7;
					};
				};
			};
			buildConfigurationList = 36CF285919FF321E00DE39D7 /* Build configuration list for PBXProject "UI Kit Demo" */;
			compatibilityVersion = "Xcode 3.2";
			developmentRegion = English;
			hasScannedForEncodings = 0;
			knownRegions = (
				en,
				Base,
			);
			mainGroup = 36CF285519FF321E00DE39D7;
			productRefGroup = 36CF285F19FF321E00DE39D7 /* Products */;
			projectDirPath = "";
			projectRoot = "";
			targets = (
				36CF285D19FF321E00DE39D7 /* UI Kit Demo */,
				36CF287219FF321E00DE39D7 /* UI Kit DemoTests */,
			);
		};
/* End PBXProject section */

/* Begin PBXResourcesBuildPhase section */
		36CF285C19FF321E00DE39D7 /* Resources */ = {
			isa = PBXResourcesBuildPhase;
			buildActionMask = 2147483647;
			files = (
				36CF286919FF321E00DE39D7 /* Main.storyboard in Resources */,
				36CF286E19FF321E00DE39D7 /* LaunchScreen.xib in Resources */,
				36CF286B19FF321E00DE39D7 /* Images.xcassets in Resources */,
			);
			runOnlyForDeploymentPostprocessing = 0;
		};
		36CF287119FF321E00DE39D7 /* Resources */ = {
			isa = PBXResourcesBuildPhase;
			buildActionMask = 2147483647;
			files = (
			);
			runOnlyForDeploymentPostprocessing = 0;
		};
/* End PBXResourcesBuildPhase section */

/* Begin PBXSourcesBuildPhase section */
		36CF285A19FF321E00DE39D7 /* Sources */ = {
			isa = PBXSourcesBuildPhase;
			buildActionMask = 2147483647;
			files = (
				36CF286619FF321E00DE39D7 /* ViewController.swift in Sources */,
				36CF286419FF321E00DE39D7 /* AppDelegate.swift in Sources */,
			);
			runOnlyForDeploymentPostprocessing = 0;
		};
		36CF286F19FF321E00DE39D7 /* Sources */ = {
			isa = PBXSourcesBuildPhase;
			buildActionMask = 2147483647;
			files = (
				36CF287A19FF321E00DE39D7 /* UI_Kit_DemoTests.swift in Sources */,
			);
			runOnlyForDeploymentPostprocessing = 0;
		};
/* End PBXSourcesBuildPhase section */

/* Begin PBXTargetDependency section */
		36CF287519FF321E00DE39D7 /* PBXTargetDependency */ = {
			isa = PBXTargetDependency;
			target = 36CF285D19FF321E00DE39D7 /* UI Kit Demo */;
			targetProxy = 36CF287419FF321E00DE39D7 /* PBXContainerItemProxy */;
		};
/* End PBXTargetDependency section */

/* Begin PBXVariantGroup section */
		36CF286719FF321E00DE39D7 /* Main.storyboard */ = {
			isa = PBXVariantGroup;
			children = (
				36CF286819FF321E00DE39D7 /* Base */,
			);
			name = Main.storyboard;
			sourceTree = "<group>";
		};
		36CF286C19FF321E00DE39D7 /* LaunchScreen.xib */ = {
			isa = PBXVariantGroup;
			children = (
				36CF286D19FF321E00DE39D7 /* Base */,
			);
			name = LaunchScreen.xib;
			sourceTree = "<group>";
		};
/* End PBXVariantGroup section */

/* Begin XCBuildConfiguration section */
		36CF287B19FF321E00DE39D7 /* Debug */ = {
			isa = XCBuildConfiguration;
			buildSettings = {
				ALWAYS_SEARCH_USER_PATHS = NO;
				CLANG_CXX_LANGUAGE_STANDARD = "gnu++0x";
				CLANG_CXX_LIBRARY = "libc++";
				CLANG_ENABLE_MODULES = YES;
				CLANG_ENABLE_OBJC_ARC = YES;
				CLANG_WARN_BOOL_CONVERSION = YES;
				CLANG_WARN_CONSTANT_CONVERSION = YES;
				CLANG_WARN_DIRECT_OBJC_ISA_USAGE = YES_ERROR;
				CLANG_WARN_EMPTY_BODY = YES;
				CLANG_WARN_ENUM_CONVERSION = YES;
				CLANG_WARN_INT_CONVERSION = YES;
				CLANG_WARN_OBJC_ROOT_CLASS = YES_ERROR;
				CLANG_WARN_UNREACHABLE_CODE = YES;
				CLANG_WARN__DUPLICATE_METHOD_MATCH = YES;
				"CODE_SIGN_IDENTITY[sdk=iphoneos*]" = "iPhone Developer";
				COPY_PHASE_STRIP = NO;
				ENABLE_STRICT_OBJC_MSGSEND = YES;
				GCC_C_LANGUAGE_STANDARD = gnu99;
				GCC_DYNAMIC_NO_PIC = NO;
				GCC_OPTIMIZATION_LEVEL = 0;
				GCC_PREPROCESSOR_DEFINITIONS = (
					"DEBUG=1",
					"$(inherited)",
				);
				GCC_SYMBOLS_PRIVATE_EXTERN = NO;
				GCC_WARN_64_TO_32_BIT_CONVERSION = YES;
				GCC_WARN_ABOUT_RETURN_TYPE = YES_ERROR;
				GCC_WARN_UNDECLARED_SELECTOR = YES;
				GCC_WARN_UNINITIALIZED_AUTOS = YES_AGGRESSIVE;
				GCC_WARN_UNUSED_FUNCTION = YES;
				GCC_WARN_UNUSED_VARIABLE = YES;
				IPHONEOS_DEPLOYMENT_TARGET = 8.1;
				MTL_ENABLE_DEBUG_INFO = YES;
				ONLY_ACTIVE_ARCH = YES;
				SDKROOT = iphoneos;
				SWIFT_OPTIMIZATION_LEVEL = "-Onone";
			};
			name = Debug;
		};
		36CF287C19FF321E00DE39D7 /* Release */ = {
			isa = XCBuildConfiguration;
			buildSettings = {
				ALWAYS_SEARCH_USER_PATHS = NO;
				CLANG_CXX_LANGUAGE_STANDARD = "gnu++0x";
				CLANG_CXX_LIBRARY = "libc++";
				CLANG_ENABLE_MODULES = YES;
				CLANG_ENABLE_OBJC_ARC = YES;
				CLANG_WARN_BOOL_CONVERSION = YES;
				CLANG_WARN_CONSTANT_CONVERSION = YES;
				CLANG_WARN_DIRECT_OBJC_ISA_USAGE = YES_ERROR;
				CLANG_WARN_EMPTY_BODY = YES;
				CLANG_WARN_ENUM_CONVERSION = YES;
				CLANG_WARN_INT_CONVERSION = YES;
				CLANG_WARN_OBJC_ROOT_CLASS = YES_ERROR;
				CLANG_WARN_UNREACHABLE_CODE = YES;
				CLANG_WARN__DUPLICATE_METHOD_MATCH = YES;
				"CODE_SIGN_IDENTITY[sdk=iphoneos*]" = "iPhone Developer";
				COPY_PHASE_STRIP = YES;
				ENABLE_NS_ASSERTIONS = NO;
				ENABLE_STRICT_OBJC_MSGSEND = YES;
				GCC_C_LANGUAGE_STANDARD = gnu99;
				GCC_WARN_64_TO_32_BIT_CONVERSION = YES;
				GCC_WARN_ABOUT_RETURN_TYPE = YES_ERROR;
				GCC_WARN_UNDECLARED_SELECTOR = YES;
				GCC_WARN_UNINITIALIZED_AUTOS = YES_AGGRESSIVE;
				GCC_WARN_UNUSED_FUNCTION = YES;
				GCC_WARN_UNUSED_VARIABLE = YES;
				IPHONEOS_DEPLOYMENT_TARGET = 8.1;
				MTL_ENABLE_DEBUG_INFO = NO;
				SDKROOT = iphoneos;
				VALIDATE_PRODUCT = YES;
			};
			name = Release;
		};
		36CF287E19FF321E00DE39D7 /* Debug */ = {
			isa = XCBuildConfiguration;
			buildSettings = {
				ASSETCATALOG_COMPILER_APPICON_NAME = AppIcon;
				INFOPLIST_FILE = "UI Kit Demo/Info.plist";
				LD_RUNPATH_SEARCH_PATHS = "$(inherited) @executable_path/Frameworks";
				PRODUCT_NAME = "$(TARGET_NAME)";
			};
			name = Debug;
		};
		36CF287F19FF321E00DE39D7 /* Release */ = {
			isa = XCBuildConfiguration;
			buildSettings = {
				ASSETCATALOG_COMPILER_APPICON_NAME = AppIcon;
				INFOPLIST_FILE = "UI Kit Demo/Info.plist";
				LD_RUNPATH_SEARCH_PATHS = "$(inherited) @executable_path/Frameworks";
				PRODUCT_NAME = "$(TARGET_NAME)";
			};
			name = Release;
		};
		36CF288119FF321E00DE39D7 /* Debug */ = {
			isa = XCBuildConfiguration;
			buildSettings = {
				BUNDLE_LOADER = "$(TEST_HOST)";
				FRAMEWORK_SEARCH_PATHS = (
					"$(SDKROOT)/Developer/Library/Frameworks",
					"$(inherited)",
				);
				GCC_PREPROCESSOR_DEFINITIONS = (
					"DEBUG=1",
					"$(inherited)",
				);
				INFOPLIST_FILE = "UI Kit DemoTests/Info.plist";
				LD_RUNPATH_SEARCH_PATHS = "$(inherited) @executable_path/Frameworks @loader_path/Frameworks";
				PRODUCT_NAME = "$(TARGET_NAME)";
				TEST_HOST = "$(BUILT_PRODUCTS_DIR)/UI Kit Demo.app/UI Kit Demo";
			};
			name = Debug;
		};
		36CF288219FF321E00DE39D7 /* Release */ = {
			isa = XCBuildConfiguration;
			buildSettings = {
				BUNDLE_LOADER = "$(TEST_HOST)";
				FRAMEWORK_SEARCH_PATHS = (
					"$(SDKROOT)/Developer/Library/Frameworks",
					"$(inherited)",
				);
				INFOPLIST_FILE = "UI Kit DemoTests/Info.plist";
				LD_RUNPATH_SEARCH_PATHS = "$(inherited) @executable_path/Frameworks @loader_path/Frameworks";
				PRODUCT_NAME = "$(TARGET_NAME)";
				TEST_HOST = "$(BUILT_PRODUCTS_DIR)/UI Kit Demo.app/UI Kit Demo";
			};
			name = Release;
		};
/* End XCBuildConfiguration section */

/* Begin XCConfigurationList section */
		36CF285919FF321E00DE39D7 /* Build configuration list for PBXProject "UI Kit Demo" */ = {
			isa = XCConfigurationList;
			buildConfigurations = (
				36CF287B19FF321E00DE39D7 /* Debug */,
				36CF287C19FF321E00DE39D7 /* Release */,
			);
			defaultConfigurationIsVisible = 0;
			defaultConfigurationName = Release;
		};
		36CF287D19FF321E00DE39D7 /* Build configuration list for PBXNativeTarget "UI Kit Demo" */ = {
			isa = XCConfigurationList;
			buildConfigurations = (
				36CF287E19FF321E00DE39D7 /* Debug */,
				36CF287F19FF321E00DE39D7 /* Release */,
			);
			defaultConfigurationIsVisible = 0;
		};
		36CF288019FF321E00DE39D7 /* Build configuration list for PBXNativeTarget "UI Kit DemoTests" */ = {
			isa = XCConfigurationList;
			buildConfigurations = (
				36CF288119FF321E00DE39D7 /* Debug */,
				36CF288219FF321E00DE39D7 /* Release */,
			);
			defaultConfigurationIsVisible = 0;
		};
/* End XCConfigurationList section */
	};
	rootObject = 36CF285619FF321E00DE39D7 /* Project object */;
}
